
Microsoft Visual Studio Solution File, Format Version 11.00
# Visual Studio 2010
Project("{FAE04EC0-301F-11D3-BF4B-00C04F79EFBC}") = "carotengineContent", "pr2.CarotEngine\carotengineContent.contentproj", "{36EA10AA-A51E-462B-ADDB-C6B5A3759F88}"
EndProject
Project("{FAE04EC0-301F-11D3-BF4B-00C04F79EFBC}") = "pr2.CarotEngine.win", "pr2.CarotEngine\pr2.CarotEngine.win.csproj", "{DE8CF1B4-4B08-424F-9E8D-824137216123}"
EndProject
Project("{FAE04EC0-301F-11D3-BF4B-00C04F79EFBC}") = "SimpleRPG", "Examples\SimpleRPG\SimpleRPG.csproj", "{3EC1E1BD-CDFA-477E-91BF-90F319046FD1}"
EndProject
Project("{FAE04EC0-301F-11D3-BF4B-00C04F79EFBC}") = "SimpleRPGContent", "Examples\SimpleRPG\Content\SimpleRPGContent.contentproj", "{6151DD00-BBC4-4FDC-9B86-7F732916356C}"
EndProject
Global
	GlobalSection(SolutionConfigurationPlatforms) = preSolution
		Debug|Any CPU = Debug|Any CPU
		Debug|Mixed Platforms = Debug|Mixed Platforms
		Debug|Win32 = Debug|Win32
		Debug|x86 = Debug|x86
		Debug|Xbox 360 = Debug|Xbox 360
		Release|Any CPU = Release|Any CPU
		Release|Mixed Platforms = Release|Mixed Platforms
		Release|Win32 = Release|Win32
		Release|x86 = Release|x86
		Release|Xbox 360 = Release|Xbox 360
	EndGlobalSection
	GlobalSection(ProjectConfigurationPlatforms) = postSolution
		{36EA10AA-A51E-462B-ADDB-C6B5A3759F88}.Debug|Any CPU.ActiveCfg = Debug|x86
		{36EA10AA-A51E-462B-ADDB-C6B5A3759F88}.Debug|Mixed Platforms.ActiveCfg = Debug|x86
		{36EA10AA-A51E-462B-ADDB-C6B5A3759F88}.Debug|Win32.ActiveCfg = Debug|x86
		{36EA10AA-A51E-462B-ADDB-C6B5A3759F88}.Debug|x86.ActiveCfg = Debug|x86
		{36EA10AA-A51E-462B-ADDB-C6B5A3759F88}.Debug|Xbox 360.ActiveCfg = Debug|x86
		{36EA10AA-A51E-462B-ADDB-C6B5A3759F88}.Release|Any CPU.ActiveCfg = Release|x86
		{36EA10AA-A51E-462B-ADDB-C6B5A3759F88}.Release|Mixed Platforms.ActiveCfg = Release|x86
		{36EA10AA-A51E-462B-ADDB-C6B5A3759F88}.Release|Win32.ActiveCfg = Release|x86
		{36EA10AA-A51E-462B-ADDB-C6B5A3759F88}.Release|x86.ActiveCfg = Release|x86
		{36EA10AA-A51E-462B-ADDB-C6B5A3759F88}.Release|Xbox 360.ActiveCfg = Release|x86
		{DE8CF1B4-4B08-424F-9E8D-824137216123}.Debug|Any CPU.ActiveCfg = Debug|x86
		{DE8CF1B4-4B08-424F-9E8D-824137216123}.Debug|Any CPU.Build.0 = Debug|x86
		{DE8CF1B4-4B08-424F-9E8D-824137216123}.Debug|Mixed Platforms.ActiveCfg = Debug|x86
		{DE8CF1B4-4B08-424F-9E8D-824137216123}.Debug|Mixed Platforms.Build.0 = Debug|x86
		{DE8CF1B4-4B08-424F-9E8D-824137216123}.Debug|Win32.ActiveCfg = Debug|x86
		{DE8CF1B4-4B08-424F-9E8D-824137216123}.Debug|Win32.Build.0 = Debug|x86
		{DE8CF1B4-4B08-424F-9E8D-824137216123}.Debug|x86.ActiveCfg = Debug|x86
		{DE8CF1B4-4B08-424F-9E8D-824137216123}.Debug|x86.Build.0 = Debug|x86
		{DE8CF1B4-4B08-424F-9E8D-824137216123}.Debug|Xbox 360.ActiveCfg = Debug|x86
		{DE8CF1B4-4B08-424F-9E8D-824137216123}.Release|Any CPU.ActiveCfg = Release|x86
		{DE8CF1B4-4B08-424F-9E8D-824137216123}.Release|Mixed Platforms.ActiveCfg = Release|x86
		{DE8CF1B4-4B08-424F-9E8D-824137216123}.Release|Mixed Platforms.Build.0 = Release|x86
		{DE8CF1B4-4B08-424F-9E8D-824137216123}.Release|Win32.ActiveCfg = Release|x86
		{DE8CF1B4-4B08-424F-9E8D-824137216123}.Release|x86.ActiveCfg = Release|x86
		{DE8CF1B4-4B08-424F-9E8D-824137216123}.Release|x86.Build.0 = Release|x86
		{DE8CF1B4-4B08-424F-9E8D-824137216123}.Release|Xbox 360.ActiveCfg = Release|x86
		{3EC1E1BD-CDFA-477E-91BF-90F319046FD1}.Debug|Any CPU.ActiveCfg = Debug|x86
		{3EC1E1BD-CDFA-477E-91BF-90F319046FD1}.Debug|Any CPU.Build.0 = Debug|x86
		{3EC1E1BD-CDFA-477E-91BF-90F319046FD1}.Debug|Mixed Platforms.ActiveCfg = Debug|x86
		{3EC1E1BD-CDFA-477E-91BF-90F319046FD1}.Debug|Mixed Platforms.Build.0 = Debug|x86
		{3EC1E1BD-CDFA-477E-91BF-90F319046FD1}.Debug|Win32.ActiveCfg = Debug|x86
		{3EC1E1BD-CDFA-477E-91BF-90F319046FD1}.Debug|Win32.Build.0 = Debug|x86
		{3EC1E1BD-CDFA-477E-91BF-90F319046FD1}.Debug|x86.ActiveCfg = Debug|x86
		{3EC1E1BD-CDFA-477E-91BF-90F319046FD1}.Debug|x86.Build.0 = Debug|x86
		{3EC1E1BD-CDFA-477E-91BF-90F319046FD1}.Debug|Xbox 360.ActiveCfg = Debug|x86
		{3EC1E1BD-CDFA-477E-91BF-90F319046FD1}.Release|Any CPU.ActiveCfg = Release|x86
		{3EC1E1BD-CDFA-477E-91BF-90F319046FD1}.Release|Mixed Platforms.ActiveCfg = Release|x86
		{3EC1E1BD-CDFA-477E-91BF-90F319046FD1}.Release|Mixed Platforms.Build.0 = Release|x86
		{3EC1E1BD-CDFA-477E-91BF-90F319046FD1}.Release|Win32.ActiveCfg = Release|x86
		{3EC1E1BD-CDFA-477E-91BF-90F319046FD1}.Release|x86.ActiveCfg = Release|x86
		{3EC1E1BD-CDFA-477E-91BF-90F319046FD1}.Release|x86.Build.0 = Release|x86
		{3EC1E1BD-CDFA-477E-91BF-90F319046FD1}.Release|Xbox 360.ActiveCfg = Release|x86
		{6151DD00-BBC4-4FDC-9B86-7F732916356C}.Debug|Any CPU.ActiveCfg = Debug|x86
		{6151DD00-BBC4-4FDC-9B86-7F732916356C}.Debug|Mixed Platforms.ActiveCfg = Debug|x86
		{6151DD00-BBC4-4FDC-9B86-7F732916356C}.Debug|Win32.ActiveCfg = Debug|x86
		{6151DD00-BBC4-4FDC-9B86-7F732916356C}.Debug|x86.ActiveCfg = Debug|x86
		{6151DD00-BBC4-4FDC-9B86-7F732916356C}.Debug|Xbox 360.ActiveCfg = Debug|x86
		{6151DD00-BBC4-4FDC-9B86-7F732916356C}.Release|Any CPU.ActiveCfg = Release|x86
		{6151DD00-BBC4-4FDC-9B86-7F732916356C}.Release|Mixed Platforms.ActiveCfg = Release|x86
		{6151DD00-BBC4-4FDC-9B86-7F732916356C}.Release|Win32.ActiveCfg = Release|x86
		{6151DD00-BBC4-4FDC-9B86-7F732916356C}.Release|x86.ActiveCfg = Release|x86
		{6151DD00-BBC4-4FDC-9B86-7F732916356C}.Release|Xbox 360.ActiveCfg = Release|x86
	EndGlobalSection
	GlobalSection(SolutionProperties) = preSolution
		HideSolutionNode = FALSE
	EndGlobalSection
EndGlobal
